
Microsoft Visual Studio Solution File, Format Version 12.00
# Visual Studio 15
VisualStudioVersion = 15.0.26124.0
MinimumVisualStudioVersion = 15.0.26124.0
Project("{2150E333-8FDC-42A3-9474-1A3956D46DE8}") = "src", "src", "{05D7332B-FBB5-4F5A-BE9B-235493FC8705}"
EndProject
Project("{FAE04EC0-301F-11D3-BF4B-00C04F79EFBC}") = "PalTracker", "src\PalTracker\PalTracker.csproj", "{7489F021-3159-4AF3-A3C5-9AA4591D41A6}"
EndProject
Project("{2150E333-8FDC-42A3-9474-1A3956D46DE8}") = "test", "test", "{6A56CFBE-3168-423D-8DFE-3F43207BAF58}"
EndProject
Project("{FAE04EC0-301F-11D3-BF4B-00C04F79EFBC}") = "PalTrackerTests", "test\PalTrackerTests\PalTrackerTests.csproj", "{C7C08846-D4A3-46B6-B829-ADDEE2A9EC69}"
EndProject
Global
	GlobalSection(SolutionConfigurationPlatforms) = preSolution
		Debug|Any CPU = Debug|Any CPU
		Debug|x64 = Debug|x64
		Debug|x86 = Debug|x86
		Release|Any CPU = Release|Any CPU
		Release|x64 = Release|x64
		Release|x86 = Release|x86
	EndGlobalSection
	GlobalSection(SolutionProperties) = preSolution
		HideSolutionNode = FALSE
	EndGlobalSection
	GlobalSection(ProjectConfigurationPlatforms) = postSolution
		{7489F021-3159-4AF3-A3C5-9AA4591D41A6}.Debug|Any CPU.ActiveCfg = Debug|Any CPU
		{7489F021-3159-4AF3-A3C5-9AA4591D41A6}.Debug|Any CPU.Build.0 = Debug|Any CPU
		{7489F021-3159-4AF3-A3C5-9AA4591D41A6}.Debug|x64.ActiveCfg = Debug|Any CPU
		{7489F021-3159-4AF3-A3C5-9AA4591D41A6}.Debug|x64.Build.0 = Debug|Any CPU
		{7489F021-3159-4AF3-A3C5-9AA4591D41A6}.Debug|x86.ActiveCfg = Debug|Any CPU
		{7489F021-3159-4AF3-A3C5-9AA4591D41A6}.Debug|x86.Build.0 = Debug|Any CPU
		{7489F021-3159-4AF3-A3C5-9AA4591D41A6}.Release|Any CPU.ActiveCfg = Release|Any CPU
		{7489F021-3159-4AF3-A3C5-9AA4591D41A6}.Release|Any CPU.Build.0 = Release|Any CPU
		{7489F021-3159-4AF3-A3C5-9AA4591D41A6}.Release|x64.ActiveCfg = Release|Any CPU
		{7489F021-3159-4AF3-A3C5-9AA4591D41A6}.Release|x64.Build.0 = Release|Any CPU
		{7489F021-3159-4AF3-A3C5-9AA4591D41A6}.Release|x86.ActiveCfg = Release|Any CPU
		{7489F021-3159-4AF3-A3C5-9AA4591D41A6}.Release|x86.Build.0 = Release|Any CPU
		{C7C08846-D4A3-46B6-B829-ADDEE2A9EC69}.Debug|Any CPU.ActiveCfg = Debug|Any CPU
		{C7C08846-D4A3-46B6-B829-ADDEE2A9EC69}.Debug|Any CPU.Build.0 = Debug|Any CPU
		{C7C08846-D4A3-46B6-B829-ADDEE2A9EC69}.Debug|x64.ActiveCfg = Debug|Any CPU
		{C7C08846-D4A3-46B6-B829-ADDEE2A9EC69}.Debug|x64.Build.0 = Debug|Any CPU
		{C7C08846-D4A3-46B6-B829-ADDEE2A9EC69}.Debug|x86.ActiveCfg = Debug|Any CPU
		{C7C08846-D4A3-46B6-B829-ADDEE2A9EC69}.Debug|x86.Build.0 = Debug|Any CPU
		{C7C08846-D4A3-46B6-B829-ADDEE2A9EC69}.Release|Any CPU.ActiveCfg = Release|Any CPU
		{C7C08846-D4A3-46B6-B829-ADDEE2A9EC69}.Release|Any CPU.Build.0 = Release|Any CPU
		{C7C08846-D4A3-46B6-B829-ADDEE2A9EC69}.Release|x64.ActiveCfg = Release|Any CPU
		{C7C08846-D4A3-46B6-B829-ADDEE2A9EC69}.Release|x64.Build.0 = Release|Any CPU
		{C7C08846-D4A3-46B6-B829-ADDEE2A9EC69}.Release|x86.ActiveCfg = Release|Any CPU
		{C7C08846-D4A3-46B6-B829-ADDEE2A9EC69}.Release|x86.Build.0 = Release|Any CPU
	EndGlobalSection
	GlobalSection(NestedProjects) = preSolution
		{7489F021-3159-4AF3-A3C5-9AA4591D41A6} = {05D7332B-FBB5-4F5A-BE9B-235493FC8705}
		{C7C08846-D4A3-46B6-B829-ADDEE2A9EC69} = {6A56CFBE-3168-423D-8DFE-3F43207BAF58}
	EndGlobalSection
EndGlobal
